
Microsoft Visual Studio Solution File, Format Version 12.00
# Visual Studio Express 2012 for Windows Desktop
Project("{FAE04EC0-301F-11D3-BF4B-00C04F79EFBC}") = "Miq", "Miq\Miq.csproj", "{968632DA-86D1-4F93-91A6-64985F3C0BC8}"
EndProject
Project("{FAE04EC0-301F-11D3-BF4B-00C04F79EFBC}") = "Miq.Tests", "Miq.Tests\Miq.Tests.csproj", "{9D7E4CEE-9E3B-4C54-B3BA-91AB9B1113EB}"
EndProject
Project("{FAE04EC0-301F-11D3-BF4B-00C04F79EFBC}") = "OpenTk Getting Started", "OpenTk Getting Started\OpenTk Getting Started.csproj", "{0B0C6D37-19A7-4181-AE73-FD34F9E89A10}"
EndProject
Project("{FAE04EC0-301F-11D3-BF4B-00C04F79EFBC}") = "RoslynPlayground", "RoslynPlayground\RoslynPlayground.csproj", "{C7B0804A-9379-4FE5-9FCB-8EEE0D03F9B1}"
EndProject
Project("{FAE04EC0-301F-11D3-BF4B-00C04F79EFBC}") = "SharpGLPlayground", "SharpGLPlayground\SharpGLPlayground.csproj", "{BD3E3B07-83FC-4D1B-823C-9995BE971F6B}"
EndProject
Project("{FAE04EC0-301F-11D3-BF4B-00C04F79EFBC}") = "Miq.Shell", "MiqShell\Miq.Shell.csproj", "{D4E90F4E-691E-4FE3-9A62-08607537FA5D}"
EndProject
Project("{FAE04EC0-301F-11D3-BF4B-00C04F79EFBC}") = "ImgurBrowser", "ImgurBrowser\ImgurBrowser.csproj", "{1AD4F790-3959-4E6A-BF17-1FD728D136E7}"
EndProject
Project("{FAE04EC0-301F-11D3-BF4B-00C04F79EFBC}") = "Notes Bits and Pieces", "Notes Bits and Pieces\Notes Bits and Pieces.csproj", "{34F4D698-06BF-4986-8233-26B062924E97}"
Project("{FAE04EC0-301F-11D3-BF4B-00C04F79EFBC}") = "Notes and misc", "Notes and misc\Notes and misc.csproj", "{FEED0350-DD25-47CA-970A-60D848E32F37}"
EndProject
Global
	GlobalSection(SolutionConfigurationPlatforms) = preSolution
		Debug|Any CPU = Debug|Any CPU
		Debug|Mixed Platforms = Debug|Mixed Platforms
		Debug|x86 = Debug|x86
		Release|Any CPU = Release|Any CPU
		Release|Mixed Platforms = Release|Mixed Platforms
		Release|x86 = Release|x86
	EndGlobalSection
	GlobalSection(ProjectConfigurationPlatforms) = postSolution
		{968632DA-86D1-4F93-91A6-64985F3C0BC8}.Debug|Any CPU.ActiveCfg = Debug|Any CPU
		{968632DA-86D1-4F93-91A6-64985F3C0BC8}.Debug|Any CPU.Build.0 = Debug|Any CPU
		{968632DA-86D1-4F93-91A6-64985F3C0BC8}.Debug|Mixed Platforms.ActiveCfg = Debug|Any CPU
		{968632DA-86D1-4F93-91A6-64985F3C0BC8}.Debug|Mixed Platforms.Build.0 = Debug|Any CPU
		{968632DA-86D1-4F93-91A6-64985F3C0BC8}.Debug|x86.ActiveCfg = Debug|Any CPU
		{968632DA-86D1-4F93-91A6-64985F3C0BC8}.Release|Any CPU.ActiveCfg = Release|Any CPU
		{968632DA-86D1-4F93-91A6-64985F3C0BC8}.Release|Any CPU.Build.0 = Release|Any CPU
		{968632DA-86D1-4F93-91A6-64985F3C0BC8}.Release|Mixed Platforms.ActiveCfg = Release|Any CPU
		{968632DA-86D1-4F93-91A6-64985F3C0BC8}.Release|Mixed Platforms.Build.0 = Release|Any CPU
		{968632DA-86D1-4F93-91A6-64985F3C0BC8}.Release|x86.ActiveCfg = Release|Any CPU
		{9D7E4CEE-9E3B-4C54-B3BA-91AB9B1113EB}.Debug|Any CPU.ActiveCfg = Debug|Any CPU
		{9D7E4CEE-9E3B-4C54-B3BA-91AB9B1113EB}.Debug|Any CPU.Build.0 = Debug|Any CPU
		{9D7E4CEE-9E3B-4C54-B3BA-91AB9B1113EB}.Debug|Mixed Platforms.ActiveCfg = Debug|Any CPU
		{9D7E4CEE-9E3B-4C54-B3BA-91AB9B1113EB}.Debug|Mixed Platforms.Build.0 = Debug|Any CPU
		{9D7E4CEE-9E3B-4C54-B3BA-91AB9B1113EB}.Debug|x86.ActiveCfg = Debug|Any CPU
		{9D7E4CEE-9E3B-4C54-B3BA-91AB9B1113EB}.Release|Any CPU.ActiveCfg = Release|Any CPU
		{9D7E4CEE-9E3B-4C54-B3BA-91AB9B1113EB}.Release|Any CPU.Build.0 = Release|Any CPU
		{9D7E4CEE-9E3B-4C54-B3BA-91AB9B1113EB}.Release|Mixed Platforms.ActiveCfg = Release|Any CPU
		{9D7E4CEE-9E3B-4C54-B3BA-91AB9B1113EB}.Release|Mixed Platforms.Build.0 = Release|Any CPU
		{9D7E4CEE-9E3B-4C54-B3BA-91AB9B1113EB}.Release|x86.ActiveCfg = Release|Any CPU
		{0B0C6D37-19A7-4181-AE73-FD34F9E89A10}.Debug|Any CPU.ActiveCfg = Debug|Any CPU
		{0B0C6D37-19A7-4181-AE73-FD34F9E89A10}.Debug|Any CPU.Build.0 = Debug|Any CPU
		{0B0C6D37-19A7-4181-AE73-FD34F9E89A10}.Debug|Mixed Platforms.ActiveCfg = Debug|Any CPU
		{0B0C6D37-19A7-4181-AE73-FD34F9E89A10}.Debug|x86.ActiveCfg = Debug|Any CPU
		{0B0C6D37-19A7-4181-AE73-FD34F9E89A10}.Release|Any CPU.ActiveCfg = Release|Any CPU
		{0B0C6D37-19A7-4181-AE73-FD34F9E89A10}.Release|Any CPU.Build.0 = Release|Any CPU
		{0B0C6D37-19A7-4181-AE73-FD34F9E89A10}.Release|Mixed Platforms.ActiveCfg = Release|Any CPU
		{0B0C6D37-19A7-4181-AE73-FD34F9E89A10}.Release|x86.ActiveCfg = Release|Any CPU
		{C7B0804A-9379-4FE5-9FCB-8EEE0D03F9B1}.Debug|Any CPU.ActiveCfg = Debug|Any CPU
		{C7B0804A-9379-4FE5-9FCB-8EEE0D03F9B1}.Debug|Any CPU.Build.0 = Debug|Any CPU
		{C7B0804A-9379-4FE5-9FCB-8EEE0D03F9B1}.Debug|Mixed Platforms.ActiveCfg = Debug|Any CPU
		{C7B0804A-9379-4FE5-9FCB-8EEE0D03F9B1}.Debug|Mixed Platforms.Build.0 = Debug|Any CPU
		{C7B0804A-9379-4FE5-9FCB-8EEE0D03F9B1}.Debug|x86.ActiveCfg = Debug|Any CPU
		{C7B0804A-9379-4FE5-9FCB-8EEE0D03F9B1}.Release|Any CPU.ActiveCfg = Release|Any CPU
		{C7B0804A-9379-4FE5-9FCB-8EEE0D03F9B1}.Release|Any CPU.Build.0 = Release|Any CPU
		{C7B0804A-9379-4FE5-9FCB-8EEE0D03F9B1}.Release|Mixed Platforms.ActiveCfg = Release|Any CPU
		{C7B0804A-9379-4FE5-9FCB-8EEE0D03F9B1}.Release|Mixed Platforms.Build.0 = Release|Any CPU
		{C7B0804A-9379-4FE5-9FCB-8EEE0D03F9B1}.Release|x86.ActiveCfg = Release|Any CPU
		{BD3E3B07-83FC-4D1B-823C-9995BE971F6B}.Debug|Any CPU.ActiveCfg = Debug|Any CPU
		{BD3E3B07-83FC-4D1B-823C-9995BE971F6B}.Debug|Any CPU.Build.0 = Debug|Any CPU
		{BD3E3B07-83FC-4D1B-823C-9995BE971F6B}.Debug|Mixed Platforms.ActiveCfg = Debug|Any CPU
		{BD3E3B07-83FC-4D1B-823C-9995BE971F6B}.Debug|Mixed Platforms.Build.0 = Debug|Any CPU
		{BD3E3B07-83FC-4D1B-823C-9995BE971F6B}.Debug|x86.ActiveCfg = Debug|Any CPU
		{BD3E3B07-83FC-4D1B-823C-9995BE971F6B}.Release|Any CPU.ActiveCfg = Release|Any CPU
		{BD3E3B07-83FC-4D1B-823C-9995BE971F6B}.Release|Any CPU.Build.0 = Release|Any CPU
		{BD3E3B07-83FC-4D1B-823C-9995BE971F6B}.Release|Mixed Platforms.ActiveCfg = Release|Any CPU
		{BD3E3B07-83FC-4D1B-823C-9995BE971F6B}.Release|Mixed Platforms.Build.0 = Release|Any CPU
		{BD3E3B07-83FC-4D1B-823C-9995BE971F6B}.Release|x86.ActiveCfg = Release|Any CPU
		{D4E90F4E-691E-4FE3-9A62-08607537FA5D}.Debug|Any CPU.ActiveCfg = Debug|Any CPU
		{D4E90F4E-691E-4FE3-9A62-08607537FA5D}.Debug|Any CPU.Build.0 = Debug|Any CPU
		{D4E90F4E-691E-4FE3-9A62-08607537FA5D}.Debug|Mixed Platforms.ActiveCfg = Debug|Any CPU
		{D4E90F4E-691E-4FE3-9A62-08607537FA5D}.Debug|Mixed Platforms.Build.0 = Debug|Any CPU
		{D4E90F4E-691E-4FE3-9A62-08607537FA5D}.Debug|x86.ActiveCfg = Debug|Any CPU
		{D4E90F4E-691E-4FE3-9A62-08607537FA5D}.Release|Any CPU.ActiveCfg = Release|Any CPU
		{D4E90F4E-691E-4FE3-9A62-08607537FA5D}.Release|Any CPU.Build.0 = Release|Any CPU
		{D4E90F4E-691E-4FE3-9A62-08607537FA5D}.Release|Mixed Platforms.ActiveCfg = Release|Any CPU
		{D4E90F4E-691E-4FE3-9A62-08607537FA5D}.Release|Mixed Platforms.Build.0 = Release|Any CPU
		{D4E90F4E-691E-4FE3-9A62-08607537FA5D}.Release|x86.ActiveCfg = Release|Any CPU
		{1AD4F790-3959-4E6A-BF17-1FD728D136E7}.Debug|Any CPU.ActiveCfg = Debug|Any CPU
		{1AD4F790-3959-4E6A-BF17-1FD728D136E7}.Debug|Any CPU.Build.0 = Debug|Any CPU
		{1AD4F790-3959-4E6A-BF17-1FD728D136E7}.Debug|Mixed Platforms.ActiveCfg = Debug|Any CPU
		{1AD4F790-3959-4E6A-BF17-1FD728D136E7}.Debug|Mixed Platforms.Build.0 = Debug|Any CPU
		{1AD4F790-3959-4E6A-BF17-1FD728D136E7}.Debug|x86.ActiveCfg = Debug|Any CPU
		{1AD4F790-3959-4E6A-BF17-1FD728D136E7}.Release|Any CPU.ActiveCfg = Release|Any CPU
		{1AD4F790-3959-4E6A-BF17-1FD728D136E7}.Release|Any CPU.Build.0 = Release|Any CPU
		{1AD4F790-3959-4E6A-BF17-1FD728D136E7}.Release|Mixed Platforms.ActiveCfg = Release|Any CPU
		{1AD4F790-3959-4E6A-BF17-1FD728D136E7}.Release|Mixed Platforms.Build.0 = Release|Any CPU
		{1AD4F790-3959-4E6A-BF17-1FD728D136E7}.Release|x86.ActiveCfg = Release|Any CPU
		{34F4D698-06BF-4986-8233-26B062924E97}.Debug|Any CPU.ActiveCfg = Debug|Any CPU
		{34F4D698-06BF-4986-8233-26B062924E97}.Debug|Any CPU.Build.0 = Debug|Any CPU
		{34F4D698-06BF-4986-8233-26B062924E97}.Debug|Mixed Platforms.ActiveCfg = Debug|Any CPU
		{34F4D698-06BF-4986-8233-26B062924E97}.Debug|Mixed Platforms.Build.0 = Debug|Any CPU
		{34F4D698-06BF-4986-8233-26B062924E97}.Debug|x86.ActiveCfg = Debug|Any CPU
		{34F4D698-06BF-4986-8233-26B062924E97}.Release|Any CPU.ActiveCfg = Release|Any CPU
		{34F4D698-06BF-4986-8233-26B062924E97}.Release|Any CPU.Build.0 = Release|Any CPU
		{34F4D698-06BF-4986-8233-26B062924E97}.Release|Mixed Platforms.ActiveCfg = Release|Any CPU
		{34F4D698-06BF-4986-8233-26B062924E97}.Release|Mixed Platforms.Build.0 = Release|Any CPU
		{34F4D698-06BF-4986-8233-26B062924E97}.Release|x86.ActiveCfg = Release|Any CPU
		{FEED0350-DD25-47CA-970A-60D848E32F37}.Debug|Any CPU.ActiveCfg = Debug|Any CPU
		{FEED0350-DD25-47CA-970A-60D848E32F37}.Debug|Any CPU.Build.0 = Debug|Any CPU
		{FEED0350-DD25-47CA-970A-60D848E32F37}.Debug|Mixed Platforms.ActiveCfg = Debug|Any CPU
		{FEED0350-DD25-47CA-970A-60D848E32F37}.Debug|Mixed Platforms.Build.0 = Debug|Any CPU
		{FEED0350-DD25-47CA-970A-60D848E32F37}.Debug|x86.ActiveCfg = Debug|Any CPU
		{FEED0350-DD25-47CA-970A-60D848E32F37}.Release|Any CPU.ActiveCfg = Release|Any CPU
		{FEED0350-DD25-47CA-970A-60D848E32F37}.Release|Any CPU.Build.0 = Release|Any CPU
		{FEED0350-DD25-47CA-970A-60D848E32F37}.Release|Mixed Platforms.ActiveCfg = Release|Any CPU
		{FEED0350-DD25-47CA-970A-60D848E32F37}.Release|Mixed Platforms.Build.0 = Release|Any CPU
		{FEED0350-DD25-47CA-970A-60D848E32F37}.Release|x86.ActiveCfg = Release|Any CPU
	EndGlobalSection
	GlobalSection(SolutionProperties) = preSolution
		HideSolutionNode = FALSE
	EndGlobalSection
	GlobalSection(MonoDevelopProperties) = preSolution
		StartupItem = DailyProgrammerChallenge133\DailyProgrammerChallenges.csproj
	EndGlobalSection
EndGlobal
